
Microsoft Visual Studio Solution File, Format Version 12.00
# Visual Studio 14
VisualStudioVersion = 14.0.25420.1
MinimumVisualStudioVersion = 10.0.40219.1
Project("{FAE04EC0-301F-11D3-BF4B-00C04F79EFBC}") = "P1_4_1204055", "P1_4_1204055\P1_4_1204055.csproj", "{089A0D59-8B3C-486D-A025-371DA24B989E}"
EndProject
Global
	GlobalSection(SolutionConfigurationPlatforms) = preSolution
		Debug|Any CPU = Debug|Any CPU
		Release|Any CPU = Release|Any CPU
	EndGlobalSection
	GlobalSection(ProjectConfigurationPlatforms) = postSolution
		{089A0D59-8B3C-486D-A025-371DA24B989E}.Debug|Any CPU.ActiveCfg = Debug|Any CPU
		{089A0D59-8B3C-486D-A025-371DA24B989E}.Debug|Any CPU.Build.0 = Debug|Any CPU
		{089A0D59-8B3C-486D-A025-371DA24B989E}.Release|Any CPU.ActiveCfg = Release|Any CPU
		{089A0D59-8B3C-486D-A025-371DA24B989E}.Release|Any CPU.Build.0 = Release|Any CPU
	EndGlobalSection
	GlobalSection(SolutionProperties) = preSolution
		HideSolutionNode = FALSE
	EndGlobalSection
EndGlobal
